
Microsoft Visual Studio Solution File, Format Version 12.00
# Visual Studio Version 16
VisualStudioVersion = 16.0.30114.105
MinimumVisualStudioVersion = 10.0.40219.1
Project("{8BC9CEB8-8B4A-11D0-8D11-00A0C91BC942}") = "JhcClient", "JhcClient\JhcClient.vcxproj", "{125CA2E9-2C60-48B1-8107-D8787B9EFC76}"
EndProject
Global
	GlobalSection(SolutionConfigurationPlatforms) = preSolution
		Debug|Win32 = Debug|Win32
		Debug|x64 = Debug|x64
		Release|Win32 = Release|Win32
		Release|x64 = Release|x64
	EndGlobalSection
	GlobalSection(ProjectConfigurationPlatforms) = postSolution
		{125CA2E9-2C60-48B1-8107-D8787B9EFC76}.Debug|Win32.ActiveCfg = Debug|x64
		{125CA2E9-2C60-48B1-8107-D8787B9EFC76}.Debug|Win32.Build.0 = Debug|x64
		{125CA2E9-2C60-48B1-8107-D8787B9EFC76}.Debug|x64.ActiveCfg = Debug|x64
		{125CA2E9-2C60-48B1-8107-D8787B9EFC76}.Debug|x64.Build.0 = Debug|x64
		{125CA2E9-2C60-48B1-8107-D8787B9EFC76}.Release|Win32.ActiveCfg = Release|Win32
		{125CA2E9-2C60-48B1-8107-D8787B9EFC76}.Release|Win32.Build.0 = Release|Win32
		{125CA2E9-2C60-48B1-8107-D8787B9EFC76}.Release|x64.ActiveCfg = Release|x64
		{125CA2E9-2C60-48B1-8107-D8787B9EFC76}.Release|x64.Build.0 = Release|x64
	EndGlobalSection
	GlobalSection(SolutionProperties) = preSolution
		HideSolutionNode = FALSE
	EndGlobalSection
	GlobalSection(ExtensibilityGlobals) = postSolution
		SolutionGuid = {879DCE9E-D744-4F26-9ACD-155079266B8A}
	EndGlobalSection
EndGlobal
